{
  "name": "@terminus/ui",
  "version": "0.0.0",
  "lockfileVersion": 1,
  "dependencies": {
    "angular2-ladda": {
      "version": "1.2.1",
      "resolved": "https://registry.npmjs.org/angular2-ladda/-/angular2-ladda-1.2.1.tgz",
      "integrity": "sha1-E1bSlMzAtDtds2a3gcopgSf2i0g=",
      "dev": true
    },
    "ladda": {
      "version": "1.0.0",
      "resolved": "https://registry.npmjs.org/ladda/-/ladda-1.0.0.tgz",
      "integrity": "sha1-RHaHykrtpDj2Fst3ENgGOslunyk=",
      "dev": true
    },
    "spin.js": {
      "version": "2.3.2",
      "resolved": "https://registry.npmjs.org/spin.js/-/spin.js-2.3.2.tgz",
      "integrity": "sha1-bKpW1SBnNFD9XPvGlx5tB3LDeho=",
      "dev": true
    }
  }
}
